
Microsoft Visual Studio Solution File, Format Version 12.00
# Visual Studio Version 16
VisualStudioVersion = 16.0.32901.82
MinimumVisualStudioVersion = 10.0.40219.1
Project("{8BC9CEB8-8B4A-11D0-8D11-00A0C91BC942}") = "ACE作业", "ACE作业.vcxproj", "{06DEBEAF-26CE-4DFC-A8A9-EE25E1D7F571}"
EndProject
Global
	GlobalSection(SolutionConfigurationPlatforms) = preSolution
		Debug|x64 = Debug|x64
		Debug|x86 = Debug|x86
		Release|x64 = Release|x64
		Release|x86 = Release|x86
	EndGlobalSection
	GlobalSection(ProjectConfigurationPlatforms) = postSolution
		{06DEBEAF-26CE-4DFC-A8A9-EE25E1D7F571}.Debug|x64.ActiveCfg = Debug|x64
		{06DEBEAF-26CE-4DFC-A8A9-EE25E1D7F571}.Debug|x64.Build.0 = Debug|x64
		{06DEBEAF-26CE-4DFC-A8A9-EE25E1D7F571}.Debug|x86.ActiveCfg = Debug|Win32
		{06DEBEAF-26CE-4DFC-A8A9-EE25E1D7F571}.Debug|x86.Build.0 = Debug|Win32
		{06DEBEAF-26CE-4DFC-A8A9-EE25E1D7F571}.Release|x64.ActiveCfg = Release|x64
		{06DEBEAF-26CE-4DFC-A8A9-EE25E1D7F571}.Release|x64.Build.0 = Release|x64
		{06DEBEAF-26CE-4DFC-A8A9-EE25E1D7F571}.Release|x86.ActiveCfg = Release|Win32
		{06DEBEAF-26CE-4DFC-A8A9-EE25E1D7F571}.Release|x86.Build.0 = Release|Win32
	EndGlobalSection
	GlobalSection(SolutionProperties) = preSolution
		HideSolutionNode = FALSE
	EndGlobalSection
	GlobalSection(ExtensibilityGlobals) = postSolution
		SolutionGuid = {71BF3308-FF96-4F74-BC16-A9E7B3A067C8}
	EndGlobalSection
EndGlobal
